
Microsoft Visual Studio Solution File, Format Version 12.00
# Visual Studio Version 17
VisualStudioVersion = 17.7.34031.279
MinimumVisualStudioVersion = 10.0.40219.1
Project("{FAE04EC0-301F-11D3-BF4B-00C04F79EFBC}") = "Sell", "Sell\Sell.csproj", "{E545A205-E709-451D-81AC-52CFFE206469}"
EndProject
Project("{FAE04EC0-301F-11D3-BF4B-00C04F79EFBC}") = "Resource", "Resource\Resource.csproj", "{0F00CB6B-73E9-4902-8559-C84C066DDDFB}"
EndProject
Project("{2150E333-8FDC-42A3-9474-1A3956D46DE8}") = "Modules", "Modules", "{43F937DC-D933-4D5C-A888-C8D31FFCBB27}"
EndProject
Project("{FAE04EC0-301F-11D3-BF4B-00C04F79EFBC}") = "LoginModule", "LoginModule\LoginModule.csproj", "{59AFF13D-76DB-4B1F-A08E-81AC0BDC3B46}"
EndProject
Project("{FAE04EC0-301F-11D3-BF4B-00C04F79EFBC}") = "Libary_ConnectDB", "Libary_ConnectDB\Libary_ConnectDB.csproj", "{00369318-E2F3-4AD9-BA51-1A311281BF62}"
EndProject
Project("{FAE04EC0-301F-11D3-BF4B-00C04F79EFBC}") = "NavBarModule", "NavBarModule\NavBarModule.csproj", "{C178A371-9BB3-4F4D-AE48-5DA016A95783}"
EndProject
Project("{FAE04EC0-301F-11D3-BF4B-00C04F79EFBC}") = "SinhVienModule", "SinhVienModule\SinhVienModule.csproj", "{509FDAAD-67D6-4DD3-BF7E-8B34AA0F2534}"
EndProject
Project("{FAE04EC0-301F-11D3-BF4B-00C04F79EFBC}") = "UserModule", "UserModule\UserModule.csproj", "{0D545E06-F0A7-438B-8D98-ACE94AE4ADB3}"
EndProject
Project("{FAE04EC0-301F-11D3-BF4B-00C04F79EFBC}") = "GiaoVienModule", "GiaoVienModule\GiaoVienModule.csproj", "{D84BBC18-41EA-49A5-80EC-E34B0378879A}"
EndProject
Project("{FAE04EC0-301F-11D3-BF4B-00C04F79EFBC}") = "AdminModule", "AdminModule\AdminModule.csproj", "{8680EDBA-3CA5-4748-A324-2FA8AA7CAE9F}"
EndProject
Project("{FAE04EC0-301F-11D3-BF4B-00C04F79EFBC}") = "Library_Dialog", "Library_Dialog\Library_Dialog.csproj", "{6F5B8882-0E61-4568-B5C8-AB27C01A3CE3}"
EndProject
Project("{FAE04EC0-301F-11D3-BF4B-00C04F79EFBC}") = "DiemDanhModule", "DiemDanhModule\DiemDanhModule.csproj", "{E63685DB-7209-4146-91FA-12EAC74F8847}"
EndProject
Project("{FAE04EC0-301F-11D3-BF4B-00C04F79EFBC}") = "WpfCustomControlLibrary1", "WpfCustomControlLibrary1\WpfCustomControlLibrary1.csproj", "{51F19C93-065B-47FC-A98E-40E40FCF8B4B}"
EndProject
Global
	GlobalSection(SolutionConfigurationPlatforms) = preSolution
		Debug|Any CPU = Debug|Any CPU
		Release|Any CPU = Release|Any CPU
	EndGlobalSection
	GlobalSection(ProjectConfigurationPlatforms) = postSolution
		{E545A205-E709-451D-81AC-52CFFE206469}.Debug|Any CPU.ActiveCfg = Debug|Any CPU
		{E545A205-E709-451D-81AC-52CFFE206469}.Debug|Any CPU.Build.0 = Debug|Any CPU
		{E545A205-E709-451D-81AC-52CFFE206469}.Release|Any CPU.ActiveCfg = Release|Any CPU
		{E545A205-E709-451D-81AC-52CFFE206469}.Release|Any CPU.Build.0 = Release|Any CPU
		{0F00CB6B-73E9-4902-8559-C84C066DDDFB}.Debug|Any CPU.ActiveCfg = Debug|Any CPU
		{0F00CB6B-73E9-4902-8559-C84C066DDDFB}.Debug|Any CPU.Build.0 = Debug|Any CPU
		{0F00CB6B-73E9-4902-8559-C84C066DDDFB}.Release|Any CPU.ActiveCfg = Release|Any CPU
		{0F00CB6B-73E9-4902-8559-C84C066DDDFB}.Release|Any CPU.Build.0 = Release|Any CPU
		{59AFF13D-76DB-4B1F-A08E-81AC0BDC3B46}.Debug|Any CPU.ActiveCfg = Debug|Any CPU
		{59AFF13D-76DB-4B1F-A08E-81AC0BDC3B46}.Debug|Any CPU.Build.0 = Debug|Any CPU
		{59AFF13D-76DB-4B1F-A08E-81AC0BDC3B46}.Release|Any CPU.ActiveCfg = Release|Any CPU
		{59AFF13D-76DB-4B1F-A08E-81AC0BDC3B46}.Release|Any CPU.Build.0 = Release|Any CPU
		{00369318-E2F3-4AD9-BA51-1A311281BF62}.Debug|Any CPU.ActiveCfg = Debug|Any CPU
		{00369318-E2F3-4AD9-BA51-1A311281BF62}.Debug|Any CPU.Build.0 = Debug|Any CPU
		{00369318-E2F3-4AD9-BA51-1A311281BF62}.Release|Any CPU.ActiveCfg = Release|Any CPU
		{00369318-E2F3-4AD9-BA51-1A311281BF62}.Release|Any CPU.Build.0 = Release|Any CPU
		{C178A371-9BB3-4F4D-AE48-5DA016A95783}.Debug|Any CPU.ActiveCfg = Debug|Any CPU
		{C178A371-9BB3-4F4D-AE48-5DA016A95783}.Debug|Any CPU.Build.0 = Debug|Any CPU
		{C178A371-9BB3-4F4D-AE48-5DA016A95783}.Release|Any CPU.ActiveCfg = Release|Any CPU
		{C178A371-9BB3-4F4D-AE48-5DA016A95783}.Release|Any CPU.Build.0 = Release|Any CPU
		{509FDAAD-67D6-4DD3-BF7E-8B34AA0F2534}.Debug|Any CPU.ActiveCfg = Debug|Any CPU
		{509FDAAD-67D6-4DD3-BF7E-8B34AA0F2534}.Debug|Any CPU.Build.0 = Debug|Any CPU
		{509FDAAD-67D6-4DD3-BF7E-8B34AA0F2534}.Release|Any CPU.ActiveCfg = Release|Any CPU
		{509FDAAD-67D6-4DD3-BF7E-8B34AA0F2534}.Release|Any CPU.Build.0 = Release|Any CPU
		{0D545E06-F0A7-438B-8D98-ACE94AE4ADB3}.Debug|Any CPU.ActiveCfg = Debug|Any CPU
		{0D545E06-F0A7-438B-8D98-ACE94AE4ADB3}.Debug|Any CPU.Build.0 = Debug|Any CPU
		{0D545E06-F0A7-438B-8D98-ACE94AE4ADB3}.Release|Any CPU.ActiveCfg = Release|Any CPU
		{0D545E06-F0A7-438B-8D98-ACE94AE4ADB3}.Release|Any CPU.Build.0 = Release|Any CPU
		{D84BBC18-41EA-49A5-80EC-E34B0378879A}.Debug|Any CPU.ActiveCfg = Debug|Any CPU
		{D84BBC18-41EA-49A5-80EC-E34B0378879A}.Debug|Any CPU.Build.0 = Debug|Any CPU
		{D84BBC18-41EA-49A5-80EC-E34B0378879A}.Release|Any CPU.ActiveCfg = Release|Any CPU
		{D84BBC18-41EA-49A5-80EC-E34B0378879A}.Release|Any CPU.Build.0 = Release|Any CPU
		{8680EDBA-3CA5-4748-A324-2FA8AA7CAE9F}.Debug|Any CPU.ActiveCfg = Debug|Any CPU
		{8680EDBA-3CA5-4748-A324-2FA8AA7CAE9F}.Debug|Any CPU.Build.0 = Debug|Any CPU
		{8680EDBA-3CA5-4748-A324-2FA8AA7CAE9F}.Release|Any CPU.ActiveCfg = Release|Any CPU
		{8680EDBA-3CA5-4748-A324-2FA8AA7CAE9F}.Release|Any CPU.Build.0 = Release|Any CPU
		{6F5B8882-0E61-4568-B5C8-AB27C01A3CE3}.Debug|Any CPU.ActiveCfg = Debug|Any CPU
		{6F5B8882-0E61-4568-B5C8-AB27C01A3CE3}.Debug|Any CPU.Build.0 = Debug|Any CPU
		{6F5B8882-0E61-4568-B5C8-AB27C01A3CE3}.Release|Any CPU.ActiveCfg = Release|Any CPU
		{6F5B8882-0E61-4568-B5C8-AB27C01A3CE3}.Release|Any CPU.Build.0 = Release|Any CPU
		{E63685DB-7209-4146-91FA-12EAC74F8847}.Debug|Any CPU.ActiveCfg = Debug|Any CPU
		{E63685DB-7209-4146-91FA-12EAC74F8847}.Debug|Any CPU.Build.0 = Debug|Any CPU
		{E63685DB-7209-4146-91FA-12EAC74F8847}.Release|Any CPU.ActiveCfg = Release|Any CPU
		{E63685DB-7209-4146-91FA-12EAC74F8847}.Release|Any CPU.Build.0 = Release|Any CPU
		{51F19C93-065B-47FC-A98E-40E40FCF8B4B}.Debug|Any CPU.ActiveCfg = Debug|Any CPU
		{51F19C93-065B-47FC-A98E-40E40FCF8B4B}.Debug|Any CPU.Build.0 = Debug|Any CPU
		{51F19C93-065B-47FC-A98E-40E40FCF8B4B}.Release|Any CPU.ActiveCfg = Release|Any CPU
		{51F19C93-065B-47FC-A98E-40E40FCF8B4B}.Release|Any CPU.Build.0 = Release|Any CPU
	EndGlobalSection
	GlobalSection(SolutionProperties) = preSolution
		HideSolutionNode = FALSE
	EndGlobalSection
	GlobalSection(NestedProjects) = preSolution
		{59AFF13D-76DB-4B1F-A08E-81AC0BDC3B46} = {43F937DC-D933-4D5C-A888-C8D31FFCBB27}
		{C178A371-9BB3-4F4D-AE48-5DA016A95783} = {43F937DC-D933-4D5C-A888-C8D31FFCBB27}
		{509FDAAD-67D6-4DD3-BF7E-8B34AA0F2534} = {43F937DC-D933-4D5C-A888-C8D31FFCBB27}
		{0D545E06-F0A7-438B-8D98-ACE94AE4ADB3} = {43F937DC-D933-4D5C-A888-C8D31FFCBB27}
		{D84BBC18-41EA-49A5-80EC-E34B0378879A} = {43F937DC-D933-4D5C-A888-C8D31FFCBB27}
		{8680EDBA-3CA5-4748-A324-2FA8AA7CAE9F} = {43F937DC-D933-4D5C-A888-C8D31FFCBB27}
		{E63685DB-7209-4146-91FA-12EAC74F8847} = {43F937DC-D933-4D5C-A888-C8D31FFCBB27}
		{51F19C93-065B-47FC-A98E-40E40FCF8B4B} = {43F937DC-D933-4D5C-A888-C8D31FFCBB27}
	EndGlobalSection
	GlobalSection(ExtensibilityGlobals) = postSolution
		SolutionGuid = {463ABA7B-E625-4CB2-9793-D0D011992BAC}
	EndGlobalSection
EndGlobal
